
Microsoft Visual Studio Solution File, Format Version 12.00
# Visual Studio 15
VisualStudioVersion = 15.0.28307.1684
MinimumVisualStudioVersion = 10.0.40219.1
Project("{FAE04EC0-301F-11D3-BF4B-00C04F79EFBC}") = "deleteArr", "deleteArr\deleteArr.csproj", "{DF1C968D-67B3-4E17-BEAB-3F8C427059FE}"
EndProject
Global
	GlobalSection(SolutionConfigurationPlatforms) = preSolution
		Debug|Any CPU = Debug|Any CPU
		Release|Any CPU = Release|Any CPU
	EndGlobalSection
	GlobalSection(ProjectConfigurationPlatforms) = postSolution
		{DF1C968D-67B3-4E17-BEAB-3F8C427059FE}.Debug|Any CPU.ActiveCfg = Debug|Any CPU
		{DF1C968D-67B3-4E17-BEAB-3F8C427059FE}.Debug|Any CPU.Build.0 = Debug|Any CPU
		{DF1C968D-67B3-4E17-BEAB-3F8C427059FE}.Release|Any CPU.ActiveCfg = Release|Any CPU
		{DF1C968D-67B3-4E17-BEAB-3F8C427059FE}.Release|Any CPU.Build.0 = Release|Any CPU
	EndGlobalSection
	GlobalSection(SolutionProperties) = preSolution
		HideSolutionNode = FALSE
	EndGlobalSection
	GlobalSection(ExtensibilityGlobals) = postSolution
		SolutionGuid = {4702D0AD-D10E-462F-A4F9-840203176AE2}
	EndGlobalSection
EndGlobal
