
Microsoft Visual Studio Solution File, Format Version 12.00
# Visual Studio 15
VisualStudioVersion = 15.0.28307.1684
MinimumVisualStudioVersion = 10.0.40219.1
Project("{FAE04EC0-301F-11D3-BF4B-00C04F79EFBC}") = "DiffofVTandRT", "DiffofVTandRT\DiffofVTandRT.csproj", "{7CA06AE8-E16E-4957-A8C0-0FD57C6CDD2E}"
EndProject
Global
	GlobalSection(SolutionConfigurationPlatforms) = preSolution
		Debug|Any CPU = Debug|Any CPU
		Release|Any CPU = Release|Any CPU
	EndGlobalSection
	GlobalSection(ProjectConfigurationPlatforms) = postSolution
		{7CA06AE8-E16E-4957-A8C0-0FD57C6CDD2E}.Debug|Any CPU.ActiveCfg = Debug|Any CPU
		{7CA06AE8-E16E-4957-A8C0-0FD57C6CDD2E}.Debug|Any CPU.Build.0 = Debug|Any CPU
		{7CA06AE8-E16E-4957-A8C0-0FD57C6CDD2E}.Release|Any CPU.ActiveCfg = Release|Any CPU
		{7CA06AE8-E16E-4957-A8C0-0FD57C6CDD2E}.Release|Any CPU.Build.0 = Release|Any CPU
	EndGlobalSection
	GlobalSection(SolutionProperties) = preSolution
		HideSolutionNode = FALSE
	EndGlobalSection
	GlobalSection(ExtensibilityGlobals) = postSolution
		SolutionGuid = {95F8090A-E2DC-4DD8-87CD-86C71BDF5D86}
	EndGlobalSection
EndGlobal
