
Microsoft Visual Studio Solution File, Format Version 12.00
# Visual Studio 15
VisualStudioVersion = 15.0.28307.1684
MinimumVisualStudioVersion = 10.0.40219.1
Project("{FAE04EC0-301F-11D3-BF4B-00C04F79EFBC}") = "InterceptAndSegmentation_String", "InterceptAndSegmentation_String\InterceptAndSegmentation_String.csproj", "{269179C7-853A-4FEF-8426-01A3333DC206}"
EndProject
Global
	GlobalSection(SolutionConfigurationPlatforms) = preSolution
		Debug|Any CPU = Debug|Any CPU
		Release|Any CPU = Release|Any CPU
	EndGlobalSection
	GlobalSection(ProjectConfigurationPlatforms) = postSolution
		{269179C7-853A-4FEF-8426-01A3333DC206}.Debug|Any CPU.ActiveCfg = Debug|Any CPU
		{269179C7-853A-4FEF-8426-01A3333DC206}.Debug|Any CPU.Build.0 = Debug|Any CPU
		{269179C7-853A-4FEF-8426-01A3333DC206}.Release|Any CPU.ActiveCfg = Release|Any CPU
		{269179C7-853A-4FEF-8426-01A3333DC206}.Release|Any CPU.Build.0 = Release|Any CPU
	EndGlobalSection
	GlobalSection(SolutionProperties) = preSolution
		HideSolutionNode = FALSE
	EndGlobalSection
	GlobalSection(ExtensibilityGlobals) = postSolution
		SolutionGuid = {015E8C50-EBF8-4365-9682-DF9F021B68F0}
	EndGlobalSection
EndGlobal
