
Microsoft Visual Studio Solution File, Format Version 12.00
# Visual Studio 15
VisualStudioVersion = 15.0.28307.1684
MinimumVisualStudioVersion = 10.0.40219.1
Project("{FAE04EC0-301F-11D3-BF4B-00C04F79EFBC}") = "MethodsOfChar", "MethodsOfChar\MethodsOfChar.csproj", "{2CEE9AF6-C4E9-47D5-8500-3CA45E3A4DC1}"
EndProject
Global
	GlobalSection(SolutionConfigurationPlatforms) = preSolution
		Debug|Any CPU = Debug|Any CPU
		Release|Any CPU = Release|Any CPU
	EndGlobalSection
	GlobalSection(ProjectConfigurationPlatforms) = postSolution
		{2CEE9AF6-C4E9-47D5-8500-3CA45E3A4DC1}.Debug|Any CPU.ActiveCfg = Debug|Any CPU
		{2CEE9AF6-C4E9-47D5-8500-3CA45E3A4DC1}.Debug|Any CPU.Build.0 = Debug|Any CPU
		{2CEE9AF6-C4E9-47D5-8500-3CA45E3A4DC1}.Release|Any CPU.ActiveCfg = Release|Any CPU
		{2CEE9AF6-C4E9-47D5-8500-3CA45E3A4DC1}.Release|Any CPU.Build.0 = Release|Any CPU
	EndGlobalSection
	GlobalSection(SolutionProperties) = preSolution
		HideSolutionNode = FALSE
	EndGlobalSection
	GlobalSection(ExtensibilityGlobals) = postSolution
		SolutionGuid = {1D3822D1-DB86-48E9-853F-7EA1117B2A9A}
	EndGlobalSection
EndGlobal
