
Microsoft Visual Studio Solution File, Format Version 12.00
# Visual Studio 15
VisualStudioVersion = 15.0.28307.1684
MinimumVisualStudioVersion = 10.0.40219.1
Project("{FAE04EC0-301F-11D3-BF4B-00C04F79EFBC}") = "TwoDimensionalArray", "TwoDimensionalArray\TwoDimensionalArray.csproj", "{11A08AD5-333B-4D10-866B-09E9BF375B42}"
EndProject
Global
	GlobalSection(SolutionConfigurationPlatforms) = preSolution
		Debug|Any CPU = Debug|Any CPU
		Release|Any CPU = Release|Any CPU
	EndGlobalSection
	GlobalSection(ProjectConfigurationPlatforms) = postSolution
		{11A08AD5-333B-4D10-866B-09E9BF375B42}.Debug|Any CPU.ActiveCfg = Debug|Any CPU
		{11A08AD5-333B-4D10-866B-09E9BF375B42}.Debug|Any CPU.Build.0 = Debug|Any CPU
		{11A08AD5-333B-4D10-866B-09E9BF375B42}.Release|Any CPU.ActiveCfg = Release|Any CPU
		{11A08AD5-333B-4D10-866B-09E9BF375B42}.Release|Any CPU.Build.0 = Release|Any CPU
	EndGlobalSection
	GlobalSection(SolutionProperties) = preSolution
		HideSolutionNode = FALSE
	EndGlobalSection
	GlobalSection(ExtensibilityGlobals) = postSolution
		SolutionGuid = {946AA052-4DB8-4A6D-B6A2-294BCE386100}
	EndGlobalSection
EndGlobal
