
Microsoft Visual Studio Solution File, Format Version 12.00
# Visual Studio 15
VisualStudioVersion = 15.0.28307.1684
MinimumVisualStudioVersion = 10.0.40219.1
Project("{FAE04EC0-301F-11D3-BF4B-00C04F79EFBC}") = "Sub", "Sub\Sub.csproj", "{72387B89-D704-4C71-8CF2-37AE41F16045}"
EndProject
Global
	GlobalSection(SolutionConfigurationPlatforms) = preSolution
		Debug|Any CPU = Debug|Any CPU
		Release|Any CPU = Release|Any CPU
	EndGlobalSection
	GlobalSection(ProjectConfigurationPlatforms) = postSolution
		{72387B89-D704-4C71-8CF2-37AE41F16045}.Debug|Any CPU.ActiveCfg = Debug|Any CPU
		{72387B89-D704-4C71-8CF2-37AE41F16045}.Debug|Any CPU.Build.0 = Debug|Any CPU
		{72387B89-D704-4C71-8CF2-37AE41F16045}.Release|Any CPU.ActiveCfg = Release|Any CPU
		{72387B89-D704-4C71-8CF2-37AE41F16045}.Release|Any CPU.Build.0 = Release|Any CPU
	EndGlobalSection
	GlobalSection(SolutionProperties) = preSolution
		HideSolutionNode = FALSE
	EndGlobalSection
	GlobalSection(ExtensibilityGlobals) = postSolution
		SolutionGuid = {DB18C38C-CDE8-4C8B-83E2-4E16BB9EE241}
	EndGlobalSection
EndGlobal
