
Microsoft Visual Studio Solution File, Format Version 12.00
# Visual Studio 15
VisualStudioVersion = 15.0.28307.1684
MinimumVisualStudioVersion = 10.0.40219.1
Project("{FAE04EC0-301F-11D3-BF4B-00C04F79EFBC}") = "special", "special\special.csproj", "{18CB8E9D-98E5-4487-9C68-778B27026065}"
EndProject
Global
	GlobalSection(SolutionConfigurationPlatforms) = preSolution
		Debug|Any CPU = Debug|Any CPU
		Release|Any CPU = Release|Any CPU
	EndGlobalSection
	GlobalSection(ProjectConfigurationPlatforms) = postSolution
		{18CB8E9D-98E5-4487-9C68-778B27026065}.Debug|Any CPU.ActiveCfg = Debug|Any CPU
		{18CB8E9D-98E5-4487-9C68-778B27026065}.Debug|Any CPU.Build.0 = Debug|Any CPU
		{18CB8E9D-98E5-4487-9C68-778B27026065}.Release|Any CPU.ActiveCfg = Release|Any CPU
		{18CB8E9D-98E5-4487-9C68-778B27026065}.Release|Any CPU.Build.0 = Release|Any CPU
	EndGlobalSection
	GlobalSection(SolutionProperties) = preSolution
		HideSolutionNode = FALSE
	EndGlobalSection
	GlobalSection(ExtensibilityGlobals) = postSolution
		SolutionGuid = {9EA43B32-CA33-4DE2-8FC6-8DBC771B69E0}
	EndGlobalSection
EndGlobal
