
Microsoft Visual Studio Solution File, Format Version 12.00
# Visual Studio 15
VisualStudioVersion = 15.0.28307.1684
MinimumVisualStudioVersion = 10.0.40219.1
Project("{FAE04EC0-301F-11D3-BF4B-00C04F79EFBC}") = "Add", "Add\Add.csproj", "{9251C02E-E096-4EF0-AE2D-7CB98D347F9B}"
EndProject
Global
	GlobalSection(SolutionConfigurationPlatforms) = preSolution
		Debug|Any CPU = Debug|Any CPU
		Release|Any CPU = Release|Any CPU
	EndGlobalSection
	GlobalSection(ProjectConfigurationPlatforms) = postSolution
		{9251C02E-E096-4EF0-AE2D-7CB98D347F9B}.Debug|Any CPU.ActiveCfg = Debug|Any CPU
		{9251C02E-E096-4EF0-AE2D-7CB98D347F9B}.Debug|Any CPU.Build.0 = Debug|Any CPU
		{9251C02E-E096-4EF0-AE2D-7CB98D347F9B}.Release|Any CPU.ActiveCfg = Release|Any CPU
		{9251C02E-E096-4EF0-AE2D-7CB98D347F9B}.Release|Any CPU.Build.0 = Release|Any CPU
	EndGlobalSection
	GlobalSection(SolutionProperties) = preSolution
		HideSolutionNode = FALSE
	EndGlobalSection
	GlobalSection(ExtensibilityGlobals) = postSolution
		SolutionGuid = {150197D2-1379-4137-AD4B-7BACC7A2E890}
	EndGlobalSection
EndGlobal
