
Microsoft Visual Studio Solution File, Format Version 12.00
# Visual Studio 15
VisualStudioVersion = 15.0.28307.1684
MinimumVisualStudioVersion = 10.0.40219.1
Project("{FAE04EC0-301F-11D3-BF4B-00C04F79EFBC}") = "add_ElementIntoArr", "add_ElementIntoArr\add_ElementIntoArr.csproj", "{5AE65DAC-9580-409D-9B80-A5738C975168}"
EndProject
Global
	GlobalSection(SolutionConfigurationPlatforms) = preSolution
		Debug|Any CPU = Debug|Any CPU
		Release|Any CPU = Release|Any CPU
	EndGlobalSection
	GlobalSection(ProjectConfigurationPlatforms) = postSolution
		{5AE65DAC-9580-409D-9B80-A5738C975168}.Debug|Any CPU.ActiveCfg = Debug|Any CPU
		{5AE65DAC-9580-409D-9B80-A5738C975168}.Debug|Any CPU.Build.0 = Debug|Any CPU
		{5AE65DAC-9580-409D-9B80-A5738C975168}.Release|Any CPU.ActiveCfg = Release|Any CPU
		{5AE65DAC-9580-409D-9B80-A5738C975168}.Release|Any CPU.Build.0 = Release|Any CPU
	EndGlobalSection
	GlobalSection(SolutionProperties) = preSolution
		HideSolutionNode = FALSE
	EndGlobalSection
	GlobalSection(ExtensibilityGlobals) = postSolution
		SolutionGuid = {C260603E-0209-46F6-B8D8-0E9F9D8F8CD3}
	EndGlobalSection
EndGlobal
