
Microsoft Visual Studio Solution File, Format Version 12.00
# Visual Studio 15
VisualStudioVersion = 15.0.28307.1684
MinimumVisualStudioVersion = 10.0.40219.1
Project("{FAE04EC0-301F-11D3-BF4B-00C04F79EFBC}") = "formatOfString", "formatOfString\formatOfString.csproj", "{0B12D8CF-298D-45CD-A550-8BE675DEA993}"
EndProject
Global
	GlobalSection(SolutionConfigurationPlatforms) = preSolution
		Debug|Any CPU = Debug|Any CPU
		Release|Any CPU = Release|Any CPU
	EndGlobalSection
	GlobalSection(ProjectConfigurationPlatforms) = postSolution
		{0B12D8CF-298D-45CD-A550-8BE675DEA993}.Debug|Any CPU.ActiveCfg = Debug|Any CPU
		{0B12D8CF-298D-45CD-A550-8BE675DEA993}.Debug|Any CPU.Build.0 = Debug|Any CPU
		{0B12D8CF-298D-45CD-A550-8BE675DEA993}.Release|Any CPU.ActiveCfg = Release|Any CPU
		{0B12D8CF-298D-45CD-A550-8BE675DEA993}.Release|Any CPU.Build.0 = Release|Any CPU
	EndGlobalSection
	GlobalSection(SolutionProperties) = preSolution
		HideSolutionNode = FALSE
	EndGlobalSection
	GlobalSection(ExtensibilityGlobals) = postSolution
		SolutionGuid = {FEE81164-3D5C-4D48-8C7E-FC216FB518A5}
	EndGlobalSection
EndGlobal
