
Microsoft Visual Studio Solution File, Format Version 12.00
# Visual Studio 15
VisualStudioVersion = 15.0.28307.1684
MinimumVisualStudioVersion = 10.0.40219.1
Project("{FAE04EC0-301F-11D3-BF4B-00C04F79EFBC}") = "IntegerType", "IntegerType\IntegerType.csproj", "{0751C635-38A6-4142-9751-7294B136619D}"
EndProject
Global
	GlobalSection(SolutionConfigurationPlatforms) = preSolution
		Debug|Any CPU = Debug|Any CPU
		Release|Any CPU = Release|Any CPU
	EndGlobalSection
	GlobalSection(ProjectConfigurationPlatforms) = postSolution
		{0751C635-38A6-4142-9751-7294B136619D}.Debug|Any CPU.ActiveCfg = Debug|Any CPU
		{0751C635-38A6-4142-9751-7294B136619D}.Debug|Any CPU.Build.0 = Debug|Any CPU
		{0751C635-38A6-4142-9751-7294B136619D}.Release|Any CPU.ActiveCfg = Release|Any CPU
		{0751C635-38A6-4142-9751-7294B136619D}.Release|Any CPU.Build.0 = Release|Any CPU
	EndGlobalSection
	GlobalSection(SolutionProperties) = preSolution
		HideSolutionNode = FALSE
	EndGlobalSection
	GlobalSection(ExtensibilityGlobals) = postSolution
		SolutionGuid = {3CEA1C38-7603-44DB-9AD2-A6E316028633}
	EndGlobalSection
EndGlobal
